
Microsoft Visual Studio Solution File, Format Version 12.00
Project("{FAE04EC0-301F-11D3-BF4B-00C04F79EFBC}") = "MySqlExtensions", "MySqlExtensions.csproj", "{6FCFCD6D-8A79-493F-8A42-59D0A47209CB}"
EndProject
Global
	GlobalSection(SolutionConfigurationPlatforms) = preSolution
		Debug|Any CPU = Debug|Any CPU
		Release|Any CPU = Release|Any CPU
	EndGlobalSection
	GlobalSection(ProjectConfigurationPlatforms) = postSolution
		{6FCFCD6D-8A79-493F-8A42-59D0A47209CB}.Debug|Any CPU.ActiveCfg = Debug|Any CPU
		{6FCFCD6D-8A79-493F-8A42-59D0A47209CB}.Debug|Any CPU.Build.0 = Debug|Any CPU
		{6FCFCD6D-8A79-493F-8A42-59D0A47209CB}.Release|Any CPU.ActiveCfg = Release|Any CPU
		{6FCFCD6D-8A79-493F-8A42-59D0A47209CB}.Release|Any CPU.Build.0 = Release|Any CPU
	EndGlobalSection
EndGlobal
